
Microsoft Visual Studio Solution File, Format Version 12.00
# Visual Studio Version 16
VisualStudioVersion = 16.0.31321.278
MinimumVisualStudioVersion = 10.0.40219.1
Project("{FAE04EC0-301F-11D3-BF4B-00C04F79EFBC}") = "PatronesDesing", "PatronesDesing\PatronesDesing.csproj", "{D3257580-60D9-4A0D-AC49-99353D88A9D8}"
EndProject
Global
	GlobalSection(SolutionConfigurationPlatforms) = preSolution
		Debug|Any CPU = Debug|Any CPU
		Release|Any CPU = Release|Any CPU
	EndGlobalSection
	GlobalSection(ProjectConfigurationPlatforms) = postSolution
		{D3257580-60D9-4A0D-AC49-99353D88A9D8}.Debug|Any CPU.ActiveCfg = Debug|Any CPU
		{D3257580-60D9-4A0D-AC49-99353D88A9D8}.Debug|Any CPU.Build.0 = Debug|Any CPU
		{D3257580-60D9-4A0D-AC49-99353D88A9D8}.Release|Any CPU.ActiveCfg = Release|Any CPU
		{D3257580-60D9-4A0D-AC49-99353D88A9D8}.Release|Any CPU.Build.0 = Release|Any CPU
	EndGlobalSection
	GlobalSection(SolutionProperties) = preSolution
		HideSolutionNode = FALSE
	EndGlobalSection
	GlobalSection(ExtensibilityGlobals) = postSolution
		SolutionGuid = {95C09BED-6FD9-4F4B-8970-2FFCA67D5F24}
	EndGlobalSection
EndGlobal
